Microsoft Visual Studio Solution File, Format Version 9.00
# Visual Studio 2005
Project("{F184B08F-C81C-45F6-A57F-5ABD9991F28F}") = "ClockAdj", "ClockAdj.vbproj", "{96E6BA86-FEE3-4F9B-AE27-B2094A99DEDC}"
EndProject
Global
	GlobalSection(SolutionConfigurationPlatforms) = preSolution
		Debug|Any CPU = Debug|Any CPU
		Release|Any CPU = Release|Any CPU
	EndGlobalSection
	GlobalSection(ProjectConfigurationPlatforms) = postSolution
		{96E6BA86-FEE3-4F9B-AE27-B2094A99DEDC}.Debug|Any CPU.ActiveCfg = Release|Any CPU
		{96E6BA86-FEE3-4F9B-AE27-B2094A99DEDC}.Debug|Any CPU.Build.0 = Release|Any CPU
		{96E6BA86-FEE3-4F9B-AE27-B2094A99DEDC}.Release|Any CPU.ActiveCfg = Release|Any CPU
		{96E6BA86-FEE3-4F9B-AE27-B2094A99DEDC}.Release|Any CPU.Build.0 = Release|Any CPU
	EndGlobalSection
	GlobalSection(SolutionProperties) = preSolution
		HideSolutionNode = FALSE
	EndGlobalSection
EndGlobal
